{
  "object": {
    "pins": [
      {
        "package": "CombineExtensions",
        "repositoryURL": "https://github.com/shareup/combine-extensions.git",
        "state": {
          "branch": null,
          "revision": "14a1e4e55d47b1a4cbb346acfe70450fc5868f54",
          "version": "2.3.0"
        }
      },
      {
        "package": "Synchronized",
        "repositoryURL": "https://github.com/shareup/synchronized.git",
        "state": {
          "branch": null,
          "revision": "3843da8ff2af3e6c3fc30853ed473ba7630e7cfe",
          "version": "2.2.0"
        }
      }
    ]
  },
  "version": 1
}
