{
  "object": {
    "pins": [
      {
        "package": "CombineExtensions",
        "repositoryURL": "https://github.com/shareup/combine-extensions.git",
        "state": {
          "branch": null,
          "revision": "5e345bde8fe46aa990585b83844f385450f8c83d",
          "version": "2.5.0"
        }
      },
      {
        "package": "Synchronized",
        "repositoryURL": "https://github.com/shareup/synchronized.git",
        "state": {
          "branch": null,
          "revision": "56f5956cbd9cf4bcd2f92153c03ae293dffb0987",
          "version": "2.3.0"
        }
      }
    ]
  },
  "version": 1
}
