// !$*UTF8*$!
{
	archiveVersion = 1;
	classes = {
	};
	objectVersion = 48;
	objects = {

/* Begin PBXBuildFile section */
		570935732132DD690020EBFE /* SQLite+DateFormatter.swift in Sources */ = {isa = PBXBuildFile; fileRef = 570935722132DD690020EBFE /* SQLite+DateFormatter.swift */; };
		570935752132DD7B0020EBFE /* SQLite+DateFormatterTests.swift in Sources */ = {isa = PBXBuildFile; fileRef = 570935742132DD7B0020EBFE /* SQLite+DateFormatterTests.swift */; };
		570AE18320496FB800DD6DE5 /* SQLite+Decoder.swift in Sources */ = {isa = PBXBuildFile; fileRef = 57F4CFAD2046CBC700FBC540 /* SQLite+Decoder.swift */; };
		5716605E206842A1000F615F /* SQLite+Monitor.swift in Sources */ = {isa = PBXBuildFile; fileRef = 5716605D206842A0000F615F /* SQLite+Monitor.swift */; };
		571C8C8D2036DA620096BCBC /* SQLite.framework in Frameworks */ = {isa = PBXBuildFile; fileRef = 571C8C832036DA620096BCBC /* SQLite.framework */; };
		571C8C922036DA620096BCBC /* SQLite+DatabaseTests.swift in Sources */ = {isa = PBXBuildFile; fileRef = 571C8C912036DA620096BCBC /* SQLite+DatabaseTests.swift */; };
		5725C6AA22A40A9A00B73CDD /* SQLite+QueryPlanParserTests.swift in Sources */ = {isa = PBXBuildFile; fileRef = 5725C6A922A40A9A00B73CDD /* SQLite+QueryPlanParserTests.swift */; };
		5725C6AC22A41BE700B73CDD /* SQLite+QueryPlanParser.swift in Sources */ = {isa = PBXBuildFile; fileRef = 5725C6AB22A41BE700B73CDD /* SQLite+QueryPlanParser.swift */; };
		576E2BE32177754D00010AB3 /* SQLiteRow+ExtensionsTests.swift in Sources */ = {isa = PBXBuildFile; fileRef = 576E2BE22177754D00010AB3 /* SQLiteRow+ExtensionsTests.swift */; };
		57747C772036E75D008D13D2 /* SQLite+Error.swift in Sources */ = {isa = PBXBuildFile; fileRef = 57747C762036E75D008D13D2 /* SQLite+Error.swift */; };
		57747C792039B373008D13D2 /* SQLite+Value.swift in Sources */ = {isa = PBXBuildFile; fileRef = 57747C782039B373008D13D2 /* SQLite+Value.swift */; };
		57767D2B21986485006906DE /* TestTransformableType.swift in Sources */ = {isa = PBXBuildFile; fileRef = 57767D2A21986485006906DE /* TestTransformableType.swift */; };
		5790E1AB20728BBF00CE4E22 /* SQLite+Hook.swift in Sources */ = {isa = PBXBuildFile; fileRef = 5790E1AA20728BBF00CE4E22 /* SQLite+Hook.swift */; };
		5793EF4D21BD57FA00E0FB41 /* SQLite+Observer.swift in Sources */ = {isa = PBXBuildFile; fileRef = 5793EF4C21BD57FA00E0FB41 /* SQLite+Observer.swift */; };
		57CCD90A2036DF6D001D0E23 /* SQLite.swift in Sources */ = {isa = PBXBuildFile; fileRef = 57CCD9092036DF6D001D0E23 /* SQLite.swift */; };
		57CCD9112036E562001D0E23 /* SQLite+Database.swift in Sources */ = {isa = PBXBuildFile; fileRef = 57CCD9102036E562001D0E23 /* SQLite+Database.swift */; };
		57F4CFA62042F47100FBC540 /* SQLite+Encoder.swift in Sources */ = {isa = PBXBuildFile; fileRef = 57F4CFA52042F47100FBC540 /* SQLite+Encoder.swift */; };
		57F4CFA82043184200FBC540 /* SQLite+CodableTests.swift in Sources */ = {isa = PBXBuildFile; fileRef = 57F4CFA72043184200FBC540 /* SQLite+CodableTests.swift */; };
		57F4CFAA204319C800FBC540 /* TestCodableType.swift in Sources */ = {isa = PBXBuildFile; fileRef = 57F4CFA9204319C800FBC540 /* TestCodableType.swift */; };
		57FEDE752174792800298A03 /* SQLiteTransformable.swift in Sources */ = {isa = PBXBuildFile; fileRef = 57FEDE742174792800298A03 /* SQLiteTransformable.swift */; };
		57FEDE7721748EB600298A03 /* SQLite+ObserveTests.swift in Sources */ = {isa = PBXBuildFile; fileRef = 57FEDE7621748EB600298A03 /* SQLite+ObserveTests.swift */; };
		57FEDE7921749A8C00298A03 /* SQLiteRow+Extensions.swift in Sources */ = {isa = PBXBuildFile; fileRef = 57FEDE7821749A8C00298A03 /* SQLiteRow+Extensions.swift */; };
/* End PBXBuildFile section */

/* Begin PBXContainerItemProxy section */
		571C8C8E2036DA620096BCBC /* PBXContainerItemProxy */ = {
			isa = PBXContainerItemProxy;
			containerPortal = 571C8C7A2036DA620096BCBC /* Project object */;
			proxyType = 1;
			remoteGlobalIDString = 571C8C822036DA620096BCBC;
			remoteInfo = SQLite;
		};
/* End PBXContainerItemProxy section */

/* Begin PBXFileReference section */
		570935722132DD690020EBFE /* SQLite+DateFormatter.swift */ = {isa = PBXFileReference; fileEncoding = 4; lastKnownFileType = sourcecode.swift; path = "SQLite+DateFormatter.swift"; sourceTree = "<group>"; };
		570935742132DD7B0020EBFE /* SQLite+DateFormatterTests.swift */ = {isa = PBXFileReference; fileEncoding = 4; lastKnownFileType = sourcecode.swift; path = "SQLite+DateFormatterTests.swift"; sourceTree = "<group>"; };
		5716605D206842A0000F615F /* SQLite+Monitor.swift */ = {isa = PBXFileReference; lastKnownFileType = sourcecode.swift; path = "SQLite+Monitor.swift"; sourceTree = "<group>"; };
		571C8C832036DA620096BCBC /* SQLite.framework */ = {isa = PBXFileReference; explicitFileType = wrapper.framework; includeInIndex = 0; path = SQLite.framework; sourceTree = BUILT_PRODUCTS_DIR; };
		571C8C8C2036DA620096BCBC /* SQLiteTests.xctest */ = {isa = PBXFileReference; explicitFileType = wrapper.cfbundle; includeInIndex = 0; path = SQLiteTests.xctest; sourceTree = BUILT_PRODUCTS_DIR; };
		571C8C912036DA620096BCBC /* SQLite+DatabaseTests.swift */ = {isa = PBXFileReference; lastKnownFileType = sourcecode.swift; path = "SQLite+DatabaseTests.swift"; sourceTree = "<group>"; };
		571C8C932036DA620096BCBC /* Info.plist */ = {isa = PBXFileReference; lastKnownFileType = text.plist.xml; path = Info.plist; sourceTree = "<group>"; };
		5725C6A922A40A9A00B73CDD /* SQLite+QueryPlanParserTests.swift */ = {isa = PBXFileReference; lastKnownFileType = sourcecode.swift; path = "SQLite+QueryPlanParserTests.swift"; sourceTree = "<group>"; };
		5725C6AB22A41BE700B73CDD /* SQLite+QueryPlanParser.swift */ = {isa = PBXFileReference; lastKnownFileType = sourcecode.swift; path = "SQLite+QueryPlanParser.swift"; sourceTree = "<group>"; };
		575DCD3520AA2C00007BE521 /* sqlitetests-debug.xcconfig */ = {isa = PBXFileReference; fileEncoding = 4; lastKnownFileType = text.xcconfig; path = "sqlitetests-debug.xcconfig"; sourceTree = "<group>"; };
		575DCD3620AA2C00007BE521 /* sqlite-debug.xcconfig */ = {isa = PBXFileReference; fileEncoding = 4; lastKnownFileType = text.xcconfig; path = "sqlite-debug.xcconfig"; sourceTree = "<group>"; };
		575DCD3720AA2C00007BE521 /* sqlitetests-release.xcconfig */ = {isa = PBXFileReference; fileEncoding = 4; lastKnownFileType = text.xcconfig; path = "sqlitetests-release.xcconfig"; sourceTree = "<group>"; };
		575DCD3820AA2C00007BE521 /* sqlite-release.xcconfig */ = {isa = PBXFileReference; fileEncoding = 4; lastKnownFileType = text.xcconfig; path = "sqlite-release.xcconfig"; sourceTree = "<group>"; };
		576E2BE22177754D00010AB3 /* SQLiteRow+ExtensionsTests.swift */ = {isa = PBXFileReference; lastKnownFileType = sourcecode.swift; path = "SQLiteRow+ExtensionsTests.swift"; sourceTree = "<group>"; };
		57747C762036E75D008D13D2 /* SQLite+Error.swift */ = {isa = PBXFileReference; lastKnownFileType = sourcecode.swift; path = "SQLite+Error.swift"; sourceTree = "<group>"; };
		57747C782039B373008D13D2 /* SQLite+Value.swift */ = {isa = PBXFileReference; lastKnownFileType = sourcecode.swift; path = "SQLite+Value.swift"; sourceTree = "<group>"; };
		57767D2A21986485006906DE /* TestTransformableType.swift */ = {isa = PBXFileReference; lastKnownFileType = sourcecode.swift; path = TestTransformableType.swift; sourceTree = "<group>"; };
		5790E1AA20728BBF00CE4E22 /* SQLite+Hook.swift */ = {isa = PBXFileReference; lastKnownFileType = sourcecode.swift; path = "SQLite+Hook.swift"; sourceTree = "<group>"; };
		5793EF4C21BD57FA00E0FB41 /* SQLite+Observer.swift */ = {isa = PBXFileReference; lastKnownFileType = sourcecode.swift; path = "SQLite+Observer.swift"; sourceTree = "<group>"; };
		57C0C475221C0AEF00FE4B34 /* debug.xcconfig */ = {isa = PBXFileReference; lastKnownFileType = text.xcconfig; path = debug.xcconfig; sourceTree = "<group>"; };
		57C0C476221C0AEF00FE4B34 /* release.xcconfig */ = {isa = PBXFileReference; lastKnownFileType = text.xcconfig; path = release.xcconfig; sourceTree = "<group>"; };
		57CCD9072036DC77001D0E23 /* Info.plist */ = {isa = PBXFileReference; fileEncoding = 4; lastKnownFileType = text.plist.xml; path = Info.plist; sourceTree = "<group>"; };
		57CCD9092036DF6D001D0E23 /* SQLite.swift */ = {isa = PBXFileReference; lastKnownFileType = sourcecode.swift; path = SQLite.swift; sourceTree = "<group>"; };
		57CCD9102036E562001D0E23 /* SQLite+Database.swift */ = {isa = PBXFileReference; lastKnownFileType = sourcecode.swift; path = "SQLite+Database.swift"; sourceTree = "<group>"; };
		57F4CFA52042F47100FBC540 /* SQLite+Encoder.swift */ = {isa = PBXFileReference; lastKnownFileType = sourcecode.swift; path = "SQLite+Encoder.swift"; sourceTree = "<group>"; };
		57F4CFA72043184200FBC540 /* SQLite+CodableTests.swift */ = {isa = PBXFileReference; lastKnownFileType = sourcecode.swift; path = "SQLite+CodableTests.swift"; sourceTree = "<group>"; };
		57F4CFA9204319C800FBC540 /* TestCodableType.swift */ = {isa = PBXFileReference; lastKnownFileType = sourcecode.swift; path = TestCodableType.swift; sourceTree = "<group>"; };
		57F4CFAD2046CBC700FBC540 /* SQLite+Decoder.swift */ = {isa = PBXFileReference; lastKnownFileType = sourcecode.swift; path = "SQLite+Decoder.swift"; sourceTree = "<group>"; };
		57FEDE742174792800298A03 /* SQLiteTransformable.swift */ = {isa = PBXFileReference; lastKnownFileType = sourcecode.swift; path = SQLiteTransformable.swift; sourceTree = "<group>"; };
		57FEDE7621748EB600298A03 /* SQLite+ObserveTests.swift */ = {isa = PBXFileReference; lastKnownFileType = sourcecode.swift; path = "SQLite+ObserveTests.swift"; sourceTree = "<group>"; };
		57FEDE7821749A8C00298A03 /* SQLiteRow+Extensions.swift */ = {isa = PBXFileReference; lastKnownFileType = sourcecode.swift; path = "SQLiteRow+Extensions.swift"; sourceTree = "<group>"; };
/* End PBXFileReference section */

/* Begin PBXFrameworksBuildPhase section */
		571C8C7F2036DA620096BCBC /* Frameworks */ = {
			isa = PBXFrameworksBuildPhase;
			buildActionMask = 2147483647;
			files = (
			);
			runOnlyForDeploymentPostprocessing = 0;
		};
		571C8C892036DA620096BCBC /* Frameworks */ = {
			isa = PBXFrameworksBuildPhase;
			buildActionMask = 2147483647;
			files = (
				571C8C8D2036DA620096BCBC /* SQLite.framework in Frameworks */,
			);
			runOnlyForDeploymentPostprocessing = 0;
		};
/* End PBXFrameworksBuildPhase section */

/* Begin PBXGroup section */
		571C8C792036DA620096BCBC = {
			isa = PBXGroup;
			children = (
				57CCD9002036DC37001D0E23 /* Configurations */,
				571C8C852036DA620096BCBC /* SQLite */,
				571C8C902036DA620096BCBC /* SQLiteTests */,
				571C8C842036DA620096BCBC /* Products */,
			);
			sourceTree = "<group>";
		};
		571C8C842036DA620096BCBC /* Products */ = {
			isa = PBXGroup;
			children = (
				571C8C832036DA620096BCBC /* SQLite.framework */,
				571C8C8C2036DA620096BCBC /* SQLiteTests.xctest */,
			);
			name = Products;
			sourceTree = "<group>";
		};
		571C8C852036DA620096BCBC /* SQLite */ = {
			isa = PBXGroup;
			children = (
				57CCD9062036DC77001D0E23 /* Resources */,
				57CCD9092036DF6D001D0E23 /* SQLite.swift */,
				57CCD9102036E562001D0E23 /* SQLite+Database.swift */,
				570935722132DD690020EBFE /* SQLite+DateFormatter.swift */,
				57F4CFAD2046CBC700FBC540 /* SQLite+Decoder.swift */,
				57F4CFA52042F47100FBC540 /* SQLite+Encoder.swift */,
				57747C762036E75D008D13D2 /* SQLite+Error.swift */,
				5790E1AA20728BBF00CE4E22 /* SQLite+Hook.swift */,
				5716605D206842A0000F615F /* SQLite+Monitor.swift */,
				5793EF4C21BD57FA00E0FB41 /* SQLite+Observer.swift */,
				5725C6AB22A41BE700B73CDD /* SQLite+QueryPlanParser.swift */,
				57747C782039B373008D13D2 /* SQLite+Value.swift */,
				57FEDE7821749A8C00298A03 /* SQLiteRow+Extensions.swift */,
				57FEDE742174792800298A03 /* SQLiteTransformable.swift */,
			);
			path = SQLite;
			sourceTree = "<group>";
		};
		571C8C902036DA620096BCBC /* SQLiteTests */ = {
			isa = PBXGroup;
			children = (
				571C8C932036DA620096BCBC /* Info.plist */,
				57F4CFA72043184200FBC540 /* SQLite+CodableTests.swift */,
				571C8C912036DA620096BCBC /* SQLite+DatabaseTests.swift */,
				570935742132DD7B0020EBFE /* SQLite+DateFormatterTests.swift */,
				5725C6A922A40A9A00B73CDD /* SQLite+QueryPlanParserTests.swift */,
				57FEDE7621748EB600298A03 /* SQLite+ObserveTests.swift */,
				576E2BE22177754D00010AB3 /* SQLiteRow+ExtensionsTests.swift */,
				57F4CFA9204319C800FBC540 /* TestCodableType.swift */,
				57767D2A21986485006906DE /* TestTransformableType.swift */,
			);
			path = SQLiteTests;
			sourceTree = "<group>";
		};
		57CCD9002036DC37001D0E23 /* Configurations */ = {
			isa = PBXGroup;
			children = (
				57C0C475221C0AEF00FE4B34 /* debug.xcconfig */,
				57C0C476221C0AEF00FE4B34 /* release.xcconfig */,
				575DCD3620AA2C00007BE521 /* sqlite-debug.xcconfig */,
				575DCD3820AA2C00007BE521 /* sqlite-release.xcconfig */,
				575DCD3520AA2C00007BE521 /* sqlitetests-debug.xcconfig */,
				575DCD3720AA2C00007BE521 /* sqlitetests-release.xcconfig */,
			);
			path = Configurations;
			sourceTree = "<group>";
		};
		57CCD9062036DC77001D0E23 /* Resources */ = {
			isa = PBXGroup;
			children = (
				57CCD9072036DC77001D0E23 /* Info.plist */,
			);
			path = Resources;
			sourceTree = "<group>";
		};
/* End PBXGroup section */

/* Begin PBXHeadersBuildPhase section */
		571C8C802036DA620096BCBC /* Headers */ = {
			isa = PBXHeadersBuildPhase;
			buildActionMask = 2147483647;
			files = (
			);
			runOnlyForDeploymentPostprocessing = 0;
		};
/* End PBXHeadersBuildPhase section */

/* Begin PBXNativeTarget section */
		571C8C822036DA620096BCBC /* SQLite */ = {
			isa = PBXNativeTarget;
			buildConfigurationList = 571C8C972036DA620096BCBC /* Build configuration list for PBXNativeTarget "SQLite" */;
			buildPhases = (
				571C8C7E2036DA620096BCBC /* Sources */,
				571C8C7F2036DA620096BCBC /* Frameworks */,
				571C8C802036DA620096BCBC /* Headers */,
				571C8C812036DA620096BCBC /* Resources */,
			);
			buildRules = (
			);
			dependencies = (
			);
			name = SQLite;
			productName = SQLite;
			productReference = 571C8C832036DA620096BCBC /* SQLite.framework */;
			productType = "com.apple.product-type.framework";
		};
		571C8C8B2036DA620096BCBC /* SQLiteTests */ = {
			isa = PBXNativeTarget;
			buildConfigurationList = 571C8C9A2036DA620096BCBC /* Build configuration list for PBXNativeTarget "SQLiteTests" */;
			buildPhases = (
				571C8C882036DA620096BCBC /* Sources */,
				571C8C892036DA620096BCBC /* Frameworks */,
				571C8C8A2036DA620096BCBC /* Resources */,
			);
			buildRules = (
			);
			dependencies = (
				571C8C8F2036DA620096BCBC /* PBXTargetDependency */,
			);
			name = SQLiteTests;
			productName = SQLiteTests;
			productReference = 571C8C8C2036DA620096BCBC /* SQLiteTests.xctest */;
			productType = "com.apple.product-type.bundle.unit-test";
		};
/* End PBXNativeTarget section */

/* Begin PBXProject section */
		571C8C7A2036DA620096BCBC /* Project object */ = {
			isa = PBXProject;
			attributes = {
				LastSwiftUpdateCheck = 0920;
				LastUpgradeCheck = 1020;
				ORGANIZATIONNAME = "Shareup Software Corporation";
				TargetAttributes = {
					571C8C822036DA620096BCBC = {
						CreatedOnToolsVersion = 9.2;
						LastSwiftMigration = 1020;
						ProvisioningStyle = Automatic;
					};
					571C8C8B2036DA620096BCBC = {
						CreatedOnToolsVersion = 9.2;
						LastSwiftMigration = 1020;
						ProvisioningStyle = Automatic;
					};
				};
			};
			buildConfigurationList = 571C8C7D2036DA620096BCBC /* Build configuration list for PBXProject "SQLite" */;
			compatibilityVersion = "Xcode 8.0";
			developmentRegion = en;
			hasScannedForEncodings = 0;
			knownRegions = (
				en,
				Base,
			);
			mainGroup = 571C8C792036DA620096BCBC;
			productRefGroup = 571C8C842036DA620096BCBC /* Products */;
			projectDirPath = "";
			projectRoot = "";
			targets = (
				571C8C822036DA620096BCBC /* SQLite */,
				571C8C8B2036DA620096BCBC /* SQLiteTests */,
			);
		};
/* End PBXProject section */

/* Begin PBXResourcesBuildPhase section */
		571C8C812036DA620096BCBC /* Resources */ = {
			isa = PBXResourcesBuildPhase;
			buildActionMask = 2147483647;
			files = (
			);
			runOnlyForDeploymentPostprocessing = 0;
		};
		571C8C8A2036DA620096BCBC /* Resources */ = {
			isa = PBXResourcesBuildPhase;
			buildActionMask = 2147483647;
			files = (
			);
			runOnlyForDeploymentPostprocessing = 0;
		};
/* End PBXResourcesBuildPhase section */

/* Begin PBXSourcesBuildPhase section */
		571C8C7E2036DA620096BCBC /* Sources */ = {
			isa = PBXSourcesBuildPhase;
			buildActionMask = 2147483647;
			files = (
				57747C772036E75D008D13D2 /* SQLite+Error.swift in Sources */,
				5793EF4D21BD57FA00E0FB41 /* SQLite+Observer.swift in Sources */,
				5790E1AB20728BBF00CE4E22 /* SQLite+Hook.swift in Sources */,
				570935732132DD690020EBFE /* SQLite+DateFormatter.swift in Sources */,
				57F4CFA62042F47100FBC540 /* SQLite+Encoder.swift in Sources */,
				570AE18320496FB800DD6DE5 /* SQLite+Decoder.swift in Sources */,
				57CCD9112036E562001D0E23 /* SQLite+Database.swift in Sources */,
				57CCD90A2036DF6D001D0E23 /* SQLite.swift in Sources */,
				5716605E206842A1000F615F /* SQLite+Monitor.swift in Sources */,
				5725C6AC22A41BE700B73CDD /* SQLite+QueryPlanParser.swift in Sources */,
				57747C792039B373008D13D2 /* SQLite+Value.swift in Sources */,
				57FEDE7921749A8C00298A03 /* SQLiteRow+Extensions.swift in Sources */,
				57FEDE752174792800298A03 /* SQLiteTransformable.swift in Sources */,
			);
			runOnlyForDeploymentPostprocessing = 0;
		};
		571C8C882036DA620096BCBC /* Sources */ = {
			isa = PBXSourcesBuildPhase;
			buildActionMask = 2147483647;
			files = (
				57767D2B21986485006906DE /* TestTransformableType.swift in Sources */,
				57F4CFA82043184200FBC540 /* SQLite+CodableTests.swift in Sources */,
				570935752132DD7B0020EBFE /* SQLite+DateFormatterTests.swift in Sources */,
				576E2BE32177754D00010AB3 /* SQLiteRow+ExtensionsTests.swift in Sources */,
				5725C6AA22A40A9A00B73CDD /* SQLite+QueryPlanParserTests.swift in Sources */,
				57F4CFAA204319C800FBC540 /* TestCodableType.swift in Sources */,
				57FEDE7721748EB600298A03 /* SQLite+ObserveTests.swift in Sources */,
				571C8C922036DA620096BCBC /* SQLite+DatabaseTests.swift in Sources */,
			);
			runOnlyForDeploymentPostprocessing = 0;
		};
/* End PBXSourcesBuildPhase section */

/* Begin PBXTargetDependency section */
		571C8C8F2036DA620096BCBC /* PBXTargetDependency */ = {
			isa = PBXTargetDependency;
			target = 571C8C822036DA620096BCBC /* SQLite */;
			targetProxy = 571C8C8E2036DA620096BCBC /* PBXContainerItemProxy */;
		};
/* End PBXTargetDependency section */

/* Begin XCBuildConfiguration section */
		571C8C952036DA620096BCBC /* Debug */ = {
			isa = XCBuildConfiguration;
			baseConfigurationReference = 575DCD3620AA2C00007BE521 /* sqlite-debug.xcconfig */;
			buildSettings = {
			};
			name = Debug;
		};
		571C8C962036DA620096BCBC /* Release */ = {
			isa = XCBuildConfiguration;
			baseConfigurationReference = 575DCD3820AA2C00007BE521 /* sqlite-release.xcconfig */;
			buildSettings = {
			};
			name = Release;
		};
		571C8C982036DA620096BCBC /* Debug */ = {
			isa = XCBuildConfiguration;
			baseConfigurationReference = 575DCD3620AA2C00007BE521 /* sqlite-debug.xcconfig */;
			buildSettings = {
			};
			name = Debug;
		};
		571C8C992036DA620096BCBC /* Release */ = {
			isa = XCBuildConfiguration;
			baseConfigurationReference = 575DCD3820AA2C00007BE521 /* sqlite-release.xcconfig */;
			buildSettings = {
			};
			name = Release;
		};
		571C8C9B2036DA620096BCBC /* Debug */ = {
			isa = XCBuildConfiguration;
			baseConfigurationReference = 575DCD3520AA2C00007BE521 /* sqlitetests-debug.xcconfig */;
			buildSettings = {
			};
			name = Debug;
		};
		571C8C9C2036DA620096BCBC /* Release */ = {
			isa = XCBuildConfiguration;
			baseConfigurationReference = 575DCD3720AA2C00007BE521 /* sqlitetests-release.xcconfig */;
			buildSettings = {
			};
			name = Release;
		};
/* End XCBuildConfiguration section */

/* Begin XCConfigurationList section */
		571C8C7D2036DA620096BCBC /* Build configuration list for PBXProject "SQLite" */ = {
			isa = XCConfigurationList;
			buildConfigurations = (
				571C8C952036DA620096BCBC /* Debug */,
				571C8C962036DA620096BCBC /* Release */,
			);
			defaultConfigurationIsVisible = 0;
			defaultConfigurationName = Release;
		};
		571C8C972036DA620096BCBC /* Build configuration list for PBXNativeTarget "SQLite" */ = {
			isa = XCConfigurationList;
			buildConfigurations = (
				571C8C982036DA620096BCBC /* Debug */,
				571C8C992036DA620096BCBC /* Release */,
			);
			defaultConfigurationIsVisible = 0;
			defaultConfigurationName = Release;
		};
		571C8C9A2036DA620096BCBC /* Build configuration list for PBXNativeTarget "SQLiteTests" */ = {
			isa = XCConfigurationList;
			buildConfigurations = (
				571C8C9B2036DA620096BCBC /* Debug */,
				571C8C9C2036DA620096BCBC /* Release */,
			);
			defaultConfigurationIsVisible = 0;
			defaultConfigurationName = Release;
		};
/* End XCConfigurationList section */
	};
	rootObject = 571C8C7A2036DA620096BCBC /* Project object */;
}
